// !$*UTF8*$!
{
	archiveVersion = 1;
	classes = {
	};
	objectVersion = 55;
	objects = {

/* Begin PBXBuildFile section */
		04CD900F29AA0FC300CDECD8 /* AppDelegate.swift in Sources */ = {isa = PBXBuildFile; fileRef = 04CD900E29AA0FC300CDECD8 /* AppDelegate.swift */; };
		04CD901129AA0FC300CDECD8 /* SceneDelegate.swift in Sources */ = {isa = PBXBuildFile; fileRef = 04CD901029AA0FC300CDECD8 /* SceneDelegate.swift */; };
		04CD901329AA0FC300CDECD8 /* ViewController.swift in Sources */ = {isa = PBXBuildFile; fileRef = 04CD901229AA0FC300CDECD8 /* ViewController.swift */; };
		04CD901629AA0FC300CDECD8 /* Main.storyboard in Resources */ = {isa = PBXBuildFile; fileRef = 04CD901429AA0FC300CDECD8 /* Main.storyboard */; };
		04CD901829AA0FC500CDECD8 /* Assets.xcassets in Resources */ = {isa = PBXBuildFile; fileRef = 04CD901729AA0FC500CDECD8 /* Assets.xcassets */; };
		04CD901B29AA0FC500CDECD8 /* LaunchScreen.storyboard in Resources */ = {isa = PBXBuildFile; fileRef = 04CD901929AA0FC500CDECD8 /* LaunchScreen.storyboard */; };
		04CD902629AA0FC500CDECD8 /* PositiveQuotesTests.swift in Sources */ = {isa = PBXBuildFile; fileRef = 04CD902529AA0FC500CDECD8 /* PositiveQuotesTests.swift */; };
		04CD903029AA0FC500CDECD8 /* PositiveQuotesUITests.swift in Sources */ = {isa = PBXBuildFile; fileRef = 04CD902F29AA0FC500CDECD8 /* PositiveQuotesUITests.swift */; };
		04CD903229AA0FC500CDECD8 /* PositiveQuotesUITestsLaunchTests.swift in Sources */ = {isa = PBXBuildFile; fileRef = 04CD903129AA0FC500CDECD8 /* PositiveQuotesUITestsLaunchTests.swift */; };
/* End PBXBuildFile section */

/* Begin PBXContainerItemProxy section */
		04CD902229AA0FC500CDECD8 /* PBXContainerItemProxy */ = {
			isa = PBXContainerItemProxy;
			containerPortal = 04CD900329AA0FC300CDECD8 /* Project object */;
			proxyType = 1;
			remoteGlobalIDString = 04CD900A29AA0FC300CDECD8;
			remoteInfo = PositiveQuotes;
		};
		04CD902C29AA0FC500CDECD8 /* PBXContainerItemProxy */ = {
			isa = PBXContainerItemProxy;
			containerPortal = 04CD900329AA0FC300CDECD8 /* Project object */;
			proxyType = 1;
			remoteGlobalIDString = 04CD900A29AA0FC300CDECD8;
			remoteInfo = PositiveQuotes;
		};
/* End PBXContainerItemProxy section */

/* Begin PBXFileReference section */
		04CD900B29AA0FC300CDECD8 /* PositiveQuotes.app */ = {isa = PBXFileReference; explicitFileType = wrapper.application; includeInIndex = 0; path = PositiveQuotes.app; sourceTree = BUILT_PRODUCTS_DIR; };
		04CD900E29AA0FC300CDECD8 /* AppDelegate.swift */ = {isa = PBXFileReference; lastKnownFileType = sourcecode.swift; path = AppDelegate.swift; sourceTree = "<group>"; };
		04CD901029AA0FC300CDECD8 /* SceneDelegate.swift */ = {isa = PBXFileReference; lastKnownFileType = sourcecode.swift; path = SceneDelegate.swift; sourceTree = "<group>"; };
		04CD901229AA0FC300CDECD8 /* ViewController.swift */ = {isa = PBXFileReference; lastKnownFileType = sourcecode.swift; path = ViewController.swift; sourceTree = "<group>"; };
		04CD901529AA0FC300CDECD8 /* Base */ = {isa = PBXFileReference; lastKnownFileType = file.storyboard; name = Base; path = Base.lproj/Main.storyboard; sourceTree = "<group>"; };
		04CD901729AA0FC500CDECD8 /* Assets.xcassets */ = {isa = PBXFileReference; lastKnownFileType = folder.assetcatalog; path = Assets.xcassets; sourceTree = "<group>"; };
		04CD901A29AA0FC500CDECD8 /* Base */ = {isa = PBXFileReference; lastKnownFileType = file.storyboard; name = Base; path = Base.lproj/LaunchScreen.storyboard; sourceTree = "<group>"; };
		04CD901C29AA0FC500CDECD8 /* Info.plist */ = {isa = PBXFileReference; lastKnownFileType = text.plist.xml; path = Info.plist; sourceTree = "<group>"; };
		04CD902129AA0FC500CDECD8 /* PositiveQuotesTests.xctest */ = {isa = PBXFileReference; explicitFileType = wrapper.cfbundle; includeInIndex = 0; path = PositiveQuotesTests.xctest; sourceTree = BUILT_PRODUCTS_DIR; };
		04CD902529AA0FC500CDECD8 /* PositiveQuotesTests.swift */ = {isa = PBXFileReference; lastKnownFileType = sourcecode.swift; path = PositiveQuotesTests.swift; sourceTree = "<group>"; };
		04CD902B29AA0FC500CDECD8 /* PositiveQuotesUITests.xctest */ = {isa = PBXFileReference; explicitFileType = wrapper.cfbundle; includeInIndex = 0; path = PositiveQuotesUITests.xctest; sourceTree = BUILT_PRODUCTS_DIR; };
		04CD902F29AA0FC500CDECD8 /* PositiveQuotesUITests.swift */ = {isa = PBXFileReference; lastKnownFileType = sourcecode.swift; path = PositiveQuotesUITests.swift; sourceTree = "<group>"; };
		04CD903129AA0FC500CDECD8 /* PositiveQuotesUITestsLaunchTests.swift */ = {isa = PBXFileReference; lastKnownFileType = sourcecode.swift; path = PositiveQuotesUITestsLaunchTests.swift; sourceTree = "<group>"; };
/* End PBXFileReference section */

/* Begin PBXFrameworksBuildPhase section */
		04CD900829AA0FC300CDECD8 /* Frameworks */ = {
			isa = PBXFrameworksBuildPhase;
			buildActionMask = 2147483647;
			files = (
			);
			runOnlyForDeploymentPostprocessing = 0;
		};
		04CD901E29AA0FC500CDECD8 /* Frameworks */ = {
			isa = PBXFrameworksBuildPhase;
			buildActionMask = 2147483647;
			files = (
			);
			runOnlyForDeploymentPostprocessing = 0;
		};
		04CD902829AA0FC500CDECD8 /* Frameworks */ = {
			isa = PBXFrameworksBuildPhase;
			buildActionMask = 2147483647;
			files = (
			);
			runOnlyForDeploymentPostprocessing = 0;
		};
/* End PBXFrameworksBuildPhase section */

/* Begin PBXGroup section */
		04CD900229AA0FC300CDECD8 = {
			isa = PBXGroup;
			children = (
				04CD900D29AA0FC300CDECD8 /* PositiveQuotes */,
				04CD902429AA0FC500CDECD8 /* PositiveQuotesTests */,
				04CD902E29AA0FC500CDECD8 /* PositiveQuotesUITests */,
				04CD900C29AA0FC300CDECD8 /* Products */,
			);
			sourceTree = "<group>";
		};
		04CD900C29AA0FC300CDECD8 /* Products */ = {
			isa = PBXGroup;
			children = (
				04CD900B29AA0FC300CDECD8 /* PositiveQuotes.app */,
				04CD902129AA0FC500CDECD8 /* PositiveQuotesTests.xctest */,
				04CD902B29AA0FC500CDECD8 /* PositiveQuotesUITests.xctest */,
			);
			name = Products;
			sourceTree = "<group>";
		};
		04CD900D29AA0FC300CDECD8 /* PositiveQuotes */ = {
			isa = PBXGroup;
			children = (
				04CD900E29AA0FC300CDECD8 /* AppDelegate.swift */,
				04CD901029AA0FC300CDECD8 /* SceneDelegate.swift */,
				04CD901229AA0FC300CDECD8 /* ViewController.swift */,
				04CD901429AA0FC300CDECD8 /* Main.storyboard */,
				04CD901729AA0FC500CDECD8 /* Assets.xcassets */,
				04CD901929AA0FC500CDECD8 /* LaunchScreen.storyboard */,
				04CD901C29AA0FC500CDECD8 /* Info.plist */,
			);
			path = PositiveQuotes;
			sourceTree = "<group>";
		};
		04CD902429AA0FC500CDECD8 /* PositiveQuotesTests */ = {
			isa = PBXGroup;
			children = (
				04CD902529AA0FC500CDECD8 /* PositiveQuotesTests.swift */,
			);
			path = PositiveQuotesTests;
			sourceTree = "<group>";
		};
		04CD902E29AA0FC500CDECD8 /* PositiveQuotesUITests */ = {
			isa = PBXGroup;
			children = (
				04CD902F29AA0FC500CDECD8 /* PositiveQuotesUITests.swift */,
				04CD903129AA0FC500CDECD8 /* PositiveQuotesUITestsLaunchTests.swift */,
			);
			path = PositiveQuotesUITests;
			sourceTree = "<group>";
		};
/* End PBXGroup section */

/* Begin PBXNativeTarget section */
		04CD900A29AA0FC300CDECD8 /* PositiveQuotes */ = {
			isa = PBXNativeTarget;
			buildConfigurationList = 04CD903529AA0FC500CDECD8 /* Build configuration list for PBXNativeTarget "PositiveQuotes" */;
			buildPhases = (
				04CD900729AA0FC300CDECD8 /* Sources */,
				04CD900829AA0FC300CDECD8 /* Frameworks */,
				04CD900929AA0FC300CDECD8 /* Resources */,
			);
			buildRules = (
			);
			dependencies = (
			);
			name = PositiveQuotes;
			productName = PositiveQuotes;
			productReference = 04CD900B29AA0FC300CDECD8 /* PositiveQuotes.app */;
			productType = "com.apple.product-type.application";
		};
		04CD902029AA0FC500CDECD8 /* PositiveQuotesTests */ = {
			isa = PBXNativeTarget;
			buildConfigurationList = 04CD903829AA0FC500CDECD8 /* Build configuration list for PBXNativeTarget "PositiveQuotesTests" */;
			buildPhases = (
				04CD901D29AA0FC500CDECD8 /* Sources */,
				04CD901E29AA0FC500CDECD8 /* Frameworks */,
				04CD901F29AA0FC500CDECD8 /* Resources */,
			);
			buildRules = (
			);
			dependencies = (
				04CD902329AA0FC500CDECD8 /* PBXTargetDependency */,
			);
			name = PositiveQuotesTests;
			productName = PositiveQuotesTests;
			productReference = 04CD902129AA0FC500CDECD8 /* PositiveQuotesTests.xctest */;
			productType = "com.apple.product-type.bundle.unit-test";
		};
		04CD902A29AA0FC500CDECD8 /* PositiveQuotesUITests */ = {
			isa = PBXNativeTarget;
			buildConfigurationList = 04CD903B29AA0FC500CDECD8 /* Build configuration list for PBXNativeTarget "PositiveQuotesUITests" */;
			buildPhases = (
				04CD902729AA0FC500CDECD8 /* Sources */,
				04CD902829AA0FC500CDECD8 /* Frameworks */,
				04CD902929AA0FC500CDECD8 /* Resources */,
			);
			buildRules = (
			);
			dependencies = (
				04CD902D29AA0FC500CDECD8 /* PBXTargetDependency */,
			);
			name = PositiveQuotesUITests;
			productName = PositiveQuotesUITests;
			productReference = 04CD902B29AA0FC500CDECD8 /* PositiveQuotesUITests.xctest */;
			productType = "com.apple.product-type.bundle.ui-testing";
		};
/* End PBXNativeTarget section */

/* Begin PBXProject section */
		04CD900329AA0FC300CDECD8 /* Project object */ = {
			isa = PBXProject;
			attributes = {
				BuildIndependentTargetsInParallel = 1;
				LastSwiftUpdateCheck = 1340;
				LastUpgradeCheck = 1340;
				TargetAttributes = {
					04CD900A29AA0FC300CDECD8 = {
						CreatedOnToolsVersion = 13.4.1;
					};
					04CD902029AA0FC500CDECD8 = {
						CreatedOnToolsVersion = 13.4.1;
						TestTargetID = 04CD900A29AA0FC300CDECD8;
					};
					04CD902A29AA0FC500CDECD8 = {
						CreatedOnToolsVersion = 13.4.1;
						TestTargetID = 04CD900A29AA0FC300CDECD8;
					};
				};
			};
			buildConfigurationList = 04CD900629AA0FC300CDECD8 /* Build configuration list for PBXProject "PositiveQuotes" */;
			compatibilityVersion = "Xcode 13.0";
			developmentRegion = en;
			hasScannedForEncodings = 0;
			knownRegions = (
				en,
				Base,
			);
			mainGroup = 04CD900229AA0FC300CDECD8;
			productRefGroup = 04CD900C29AA0FC300CDECD8 /* Products */;
			projectDirPath = "";
			projectRoot = "";
			targets = (
				04CD900A29AA0FC300CDECD8 /* PositiveQuotes */,
				04CD902029AA0FC500CDECD8 /* PositiveQuotesTests */,
				04CD902A29AA0FC500CDECD8 /* PositiveQuotesUITests */,
			);
		};
/* End PBXProject section */

/* Begin PBXResourcesBuildPhase section */
		04CD900929AA0FC300CDECD8 /* Resources */ = {
			isa = PBXResourcesBuildPhase;
			buildActionMask = 2147483647;
			files = (
				04CD901B29AA0FC500CDECD8 /* LaunchScreen.storyboard in Resources */,
				04CD901829AA0FC500CDECD8 /* Assets.xcassets in Resources */,
				04CD901629AA0FC300CDECD8 /* Main.storyboard in Resources */,
			);
			runOnlyForDeploymentPostprocessing = 0;
		};
		04CD901F29AA0FC500CDECD8 /* Resources */ = {
			isa = PBXResourcesBuildPhase;
			buildActionMask = 2147483647;
			files = (
			);
			runOnlyForDeploymentPostprocessing = 0;
		};
		04CD902929AA0FC500CDECD8 /* Resources */ = {
			isa = PBXResourcesBuildPhase;
			buildActionMask = 2147483647;
			files = (
			);
			runOnlyForDeploymentPostprocessing = 0;
		};
/* End PBXResourcesBuildPhase section */

/* Begin PBXSourcesBuildPhase section */
		04CD900729AA0FC300CDECD8 /* Sources */ = {
			isa = PBXSourcesBuildPhase;
			buildActionMask = 2147483647;
			files = (
				04CD901329AA0FC300CDECD8 /* ViewController.swift in Sources */,
				04CD900F29AA0FC300CDECD8 /* AppDelegate.swift in Sources */,
				04CD901129AA0FC300CDECD8 /* SceneDelegate.swift in Sources */,
			);
			runOnlyForDeploymentPostprocessing = 0;
		};
		04CD901D29AA0FC500CDECD8 /* Sources */ = {
			isa = PBXSourcesBuildPhase;
			buildActionMask = 2147483647;
			files = (
				04CD902629AA0FC500CDECD8 /* PositiveQuotesTests.swift in Sources */,
			);
			runOnlyForDeploymentPostprocessing = 0;
		};
		04CD902729AA0FC500CDECD8 /* Sources */ = {
			isa = PBXSourcesBuildPhase;
			buildActionMask = 2147483647;
			files = (
				04CD903229AA0FC500CDECD8 /* PositiveQuotesUITestsLaunchTests.swift in Sources */,
				04CD903029AA0FC500CDECD8 /* PositiveQuotesUITests.swift in Sources */,
			);
			runOnlyForDeploymentPostprocessing = 0;
		};
/* End PBXSourcesBuildPhase section */

/* Begin PBXTargetDependency section */
		04CD902329AA0FC500CDECD8 /* PBXTargetDependency */ = {
			isa = PBXTargetDependency;
			target = 04CD900A29AA0FC300CDECD8 /* PositiveQuotes */;
			targetProxy = 04CD902229AA0FC500CDECD8 /* PBXContainerItemProxy */;
		};
		04CD902D29AA0FC500CDECD8 /* PBXTargetDependency */ = {
			isa = PBXTargetDependency;
			target = 04CD900A29AA0FC300CDECD8 /* PositiveQuotes */;
			targetProxy = 04CD902C29AA0FC500CDECD8 /* PBXContainerItemProxy */;
		};
/* End PBXTargetDependency section */

/* Begin PBXVariantGroup section */
		04CD901429AA0FC300CDECD8 /* Main.storyboard */ = {
			isa = PBXVariantGroup;
			children = (
				04CD901529AA0FC300CDECD8 /* Base */,
			);
			name = Main.storyboard;
			sourceTree = "<group>";
		};
		04CD901929AA0FC500CDECD8 /* LaunchScreen.storyboard */ = {
			isa = PBXVariantGroup;
			children = (
				04CD901A29AA0FC500CDECD8 /* Base */,
			);
			name = LaunchScreen.storyboard;
			sourceTree = "<group>";
		};
/* End PBXVariantGroup section */

/* Begin XCBuildConfiguration section */
		04CD903329AA0FC500CDECD8 /* Debug */ = {
			isa = XCBuildConfiguration;
			buildSettings = {
				ALWAYS_SEARCH_USER_PATHS = NO;
				CLANG_ANALYZER_NONNULL = YES;
				CLANG_ANALYZER_NUMBER_OBJECT_CONVERSION = YES_AGGRESSIVE;
				CLANG_CXX_LANGUAGE_STANDARD = "gnu++17";
				CLANG_ENABLE_MODULES = YES;
				CLANG_ENABLE_OBJC_ARC = YES;
				CLANG_ENABLE_OBJC_WEAK = YES;
				CLANG_WARN_BLOCK_CAPTURE_AUTORELEASING = YES;
				CLANG_WARN_BOOL_CONVERSION = YES;
				CLANG_WARN_COMMA = YES;
				CLANG_WARN_CONSTANT_CONVERSION = YES;
				CLANG_WARN_DEPRECATED_OBJC_IMPLEMENTATIONS = YES;
				CLANG_WARN_DIRECT_OBJC_ISA_USAGE = YES_ERROR;
				CLANG_WARN_DOCUMENTATION_COMMENTS = YES;
				CLANG_WARN_EMPTY_BODY = YES;
				CLANG_WARN_ENUM_CONVERSION = YES;
				CLANG_WARN_INFINITE_RECURSION = YES;
				CLANG_WARN_INT_CONVERSION = YES;
				CLANG_WARN_NON_LITERAL_NULL_CONVERSION = YES;
				CLANG_WARN_OBJC_IMPLICIT_RETAIN_SELF = YES;
				CLANG_WARN_OBJC_LITERAL_CONVERSION = YES;
				CLANG_WARN_OBJC_ROOT_CLASS = YES_ERROR;
				CLANG_WARN_QUOTED_INCLUDE_IN_FRAMEWORK_HEADER = YES;
				CLANG_WARN_RANGE_LOOP_ANALYSIS = YES;
				CLANG_WARN_STRICT_PROTOTYPES = YES;
				CLANG_WARN_SUSPICIOUS_MOVE = YES;
				CLANG_WARN_UNGUARDED_AVAILABILITY = YES_AGGRESSIVE;
				CLANG_WARN_UNREACHABLE_CODE = YES;
				CLANG_WARN__DUPLICATE_METHOD_MATCH = YES;
				COPY_PHASE_STRIP = NO;
				DEBUG_INFORMATION_FORMAT = dwarf;
				ENABLE_STRICT_OBJC_MSGSEND = YES;
				ENABLE_TESTABILITY = YES;
				GCC_C_LANGUAGE_STANDARD = gnu11;
				GCC_DYNAMIC_NO_PIC = NO;
				GCC_NO_COMMON_BLOCKS = YES;
				GCC_OPTIMIZATION_LEVEL = 0;
				GCC_PREPROCESSOR_DEFINITIONS = (
					"DEBUG=1",
					"$(inherited)",
				);
				GCC_WARN_64_TO_32_BIT_CONVERSION = YES;
				GCC_WARN_ABOUT_RETURN_TYPE = YES_ERROR;
				GCC_WARN_UNDECLARED_SELECTOR = YES;
				GCC_WARN_UNINITIALIZED_AUTOS = YES_AGGRESSIVE;
				GCC_WARN_UNUSED_FUNCTION = YES;
				GCC_WARN_UNUSED_VARIABLE = YES;
				IPHONEOS_DEPLOYMENT_TARGET = 15.5;
				MTL_ENABLE_DEBUG_INFO = INCLUDE_SOURCE;
				MTL_FAST_MATH = YES;
				ONLY_ACTIVE_ARCH = YES;
				SDKROOT = iphoneos;
				SWIFT_ACTIVE_COMPILATION_CONDITIONS = DEBUG;
				SWIFT_OPTIMIZATION_LEVEL = "-Onone";
			};
			name = Debug;
		};
		04CD903429AA0FC500CDECD8 /* Release */ = {
			isa = XCBuildConfiguration;
			buildSettings = {
				ALWAYS_SEARCH_USER_PATHS = NO;
				CLANG_ANALYZER_NONNULL = YES;
				CLANG_ANALYZER_NUMBER_OBJECT_CONVERSION = YES_AGGRESSIVE;
				CLANG_CXX_LANGUAGE_STANDARD = "gnu++17";
				CLANG_ENABLE_MODULES = YES;
				CLANG_ENABLE_OBJC_ARC = YES;
				CLANG_ENABLE_OBJC_WEAK = YES;
				CLANG_WARN_BLOCK_CAPTURE_AUTORELEASING = YES;
				CLANG_WARN_BOOL_CONVERSION = YES;
				CLANG_WARN_COMMA = YES;
				CLANG_WARN_CONSTANT_CONVERSION = YES;
				CLANG_WARN_DEPRECATED_OBJC_IMPLEMENTATIONS = YES;
				CLANG_WARN_DIRECT_OBJC_ISA_USAGE = YES_ERROR;
				CLANG_WARN_DOCUMENTATION_COMMENTS = YES;
				CLANG_WARN_EMPTY_BODY = YES;
				CLANG_WARN_ENUM_CONVERSION = YES;
				CLANG_WARN_INFINITE_RECURSION = YES;
				CLANG_WARN_INT_CONVERSION = YES;
				CLANG_WARN_NON_LITERAL_NULL_CONVERSION = YES;
				CLANG_WARN_OBJC_IMPLICIT_RETAIN_SELF = YES;
				CLANG_WARN_OBJC_LITERAL_CONVERSION = YES;
				CLANG_WARN_OBJC_ROOT_CLASS = YES_ERROR;
				CLANG_WARN_QUOTED_INCLUDE_IN_FRAMEWORK_HEADER = YES;
				CLANG_WARN_RANGE_LOOP_ANALYSIS = YES;
				CLANG_WARN_STRICT_PROTOTYPES = YES;
				CLANG_WARN_SUSPICIOUS_MOVE = YES;
				CLANG_WARN_UNGUARDED_AVAILABILITY = YES_AGGRESSIVE;
				CLANG_WARN_UNREACHABLE_CODE = YES;
				CLANG_WARN__DUPLICATE_METHOD_MATCH = YES;
				COPY_PHASE_STRIP = NO;
				DEBUG_INFORMATION_FORMAT = "dwarf-with-dsym";
				ENABLE_NS_ASSERTIONS = NO;
				ENABLE_STRICT_OBJC_MSGSEND = YES;
				GCC_C_LANGUAGE_STANDARD = gnu11;
				GCC_NO_COMMON_BLOCKS = YES;
				GCC_WARN_64_TO_32_BIT_CONVERSION = YES;
				GCC_WARN_ABOUT_RETURN_TYPE = YES_ERROR;
				GCC_WARN_UNDECLARED_SELECTOR = YES;
				GCC_WARN_UNINITIALIZED_AUTOS = YES_AGGRESSIVE;
				GCC_WARN_UNUSED_FUNCTION = YES;
				GCC_WARN_UNUSED_VARIABLE = YES;
				IPHONEOS_DEPLOYMENT_TARGET = 15.5;
				MTL_ENABLE_DEBUG_INFO = NO;
				MTL_FAST_MATH = YES;
				SDKROOT = iphoneos;
				SWIFT_COMPILATION_MODE = wholemodule;
				SWIFT_OPTIMIZATION_LEVEL = "-O";
				VALIDATE_PRODUCT = YES;
			};
			name = Release;
		};
		04CD903629AA0FC500CDECD8 /* Debug */ = {
			isa = XCBuildConfiguration;
			buildSettings = {
				ASSETCATALOG_COMPILER_APPICON_NAME = AppIcon;
				ASSETCATALOG_COMPILER_GLOBAL_ACCENT_COLOR_NAME = AccentColor;
				CODE_SIGN_STYLE = Automatic;
				CURRENT_PROJECT_VERSION = 1;
				GENERATE_INFOPLIST_FILE = YES;
				INFOPLIST_FILE = PositiveQuotes/Info.plist;
				INFOPLIST_KEY_UIApplicationSupportsIndirectInputEvents = YES;
				INFOPLIST_KEY_UILaunchStoryboardName = LaunchScreen;
				INFOPLIST_KEY_UIMainStoryboardFile = Main;
				INFOPLIST_KEY_UISupportedInterfaceOrientations_iPad = "UIInterfaceOrientationPortrait UIInterfaceOrientationPortraitUpsideDown UIInterfaceOrientationLandscapeLeft UIInterfaceOrientationLandscapeRight";
				INFOPLIST_KEY_UISupportedInterfaceOrientations_iPhone = "UIInterfaceOrientationPortrait UIInterfaceOrientationLandscapeLeft UIInterfaceOrientationLandscapeRight";
				LD_RUNPATH_SEARCH_PATHS = (
					"$(inherited)",
					"@executable_path/Frameworks",
				);
				MARKETING_VERSION = 1.0;
				PRODUCT_BUNDLE_IDENTIFIER = "Sonali-Bhatt.PositiveQuotes";
				PRODUCT_NAME = "$(TARGET_NAME)";
				SWIFT_EMIT_LOC_STRINGS = YES;
				SWIFT_VERSION = 5.0;
				TARGETED_DEVICE_FAMILY = "1,2";
			};
			name = Debug;
		};
		04CD903729AA0FC500CDECD8 /* Release */ = {
			isa = XCBuildConfiguration;
			buildSettings = {
				ASSETCATALOG_COMPILER_APPICON_NAME = AppIcon;
				ASSETCATALOG_COMPILER_GLOBAL_ACCENT_COLOR_NAME = AccentColor;
				CODE_SIGN_STYLE = Automatic;
				CURRENT_PROJECT_VERSION = 1;
				GENERATE_INFOPLIST_FILE = YES;
				INFOPLIST_FILE = PositiveQuotes/Info.plist;
				INFOPLIST_KEY_UIApplicationSupportsIndirectInputEvents = YES;
				INFOPLIST_KEY_UILaunchStoryboardName = LaunchScreen;
				INFOPLIST_KEY_UIMainStoryboardFile = Main;
				INFOPLIST_KEY_UISupportedInterfaceOrientations_iPad = "UIInterfaceOrientationPortrait UIInterfaceOrientationPortraitUpsideDown UIInterfaceOrientationLandscapeLeft UIInterfaceOrientationLandscapeRight";
				INFOPLIST_KEY_UISupportedInterfaceOrientations_iPhone = "UIInterfaceOrientationPortrait UIInterfaceOrientationLandscapeLeft UIInterfaceOrientationLandscapeRight";
				LD_RUNPATH_SEARCH_PATHS = (
					"$(inherited)",
					"@executable_path/Frameworks",
				);
				MARKETING_VERSION = 1.0;
				PRODUCT_BUNDLE_IDENTIFIER = "Sonali-Bhatt.PositiveQuotes";
				PRODUCT_NAME = "$(TARGET_NAME)";
				SWIFT_EMIT_LOC_STRINGS = YES;
				SWIFT_VERSION = 5.0;
				TARGETED_DEVICE_FAMILY = "1,2";
			};
			name = Release;
		};
		04CD903929AA0FC500CDECD8 /* Debug */ = {
			isa = XCBuildConfiguration;
			buildSettings = {
				ALWAYS_EMBED_SWIFT_STANDARD_LIBRARIES = YES;
				BUNDLE_LOADER = "$(TEST_HOST)";
				CODE_SIGN_STYLE = Automatic;
				CURRENT_PROJECT_VERSION = 1;
				GENERATE_INFOPLIST_FILE = YES;
				IPHONEOS_DEPLOYMENT_TARGET = 15.5;
				MARKETING_VERSION = 1.0;
				PRODUCT_BUNDLE_IDENTIFIER = "Sonali-Bhatt.PositiveQuotesTests";
				PRODUCT_NAME = "$(TARGET_NAME)";
				SWIFT_EMIT_LOC_STRINGS = NO;
				SWIFT_VERSION = 5.0;
				TARGETED_DEVICE_FAMILY = "1,2";
				TEST_HOST = "$(BUILT_PRODUCTS_DIR)/PositiveQuotes.app/PositiveQuotes";
			};
			name = Debug;
		};
		04CD903A29AA0FC500CDECD8 /* Release */ = {
			isa = XCBuildConfiguration;
			buildSettings = {
				ALWAYS_EMBED_SWIFT_STANDARD_LIBRARIES = YES;
				BUNDLE_LOADER = "$(TEST_HOST)";
				CODE_SIGN_STYLE = Automatic;
				CURRENT_PROJECT_VERSION = 1;
				GENERATE_INFOPLIST_FILE = YES;
				IPHONEOS_DEPLOYMENT_TARGET = 15.5;
				MARKETING_VERSION = 1.0;
				PRODUCT_BUNDLE_IDENTIFIER = "Sonali-Bhatt.PositiveQuotesTests";
				PRODUCT_NAME = "$(TARGET_NAME)";
				SWIFT_EMIT_LOC_STRINGS = NO;
				SWIFT_VERSION = 5.0;
				TARGETED_DEVICE_FAMILY = "1,2";
				TEST_HOST = "$(BUILT_PRODUCTS_DIR)/PositiveQuotes.app/PositiveQuotes";
			};
			name = Release;
		};
		04CD903C29AA0FC500CDECD8 /* Debug */ = {
			isa = XCBuildConfiguration;
			buildSettings = {
				ALWAYS_EMBED_SWIFT_STANDARD_LIBRARIES = YES;
				CODE_SIGN_STYLE = Automatic;
				CURRENT_PROJECT_VERSION = 1;
				GENERATE_INFOPLIST_FILE = YES;
				MARKETING_VERSION = 1.0;
				PRODUCT_BUNDLE_IDENTIFIER = "Sonali-Bhatt.PositiveQuotesUITests";
				PRODUCT_NAME = "$(TARGET_NAME)";
				SWIFT_EMIT_LOC_STRINGS = NO;
				SWIFT_VERSION = 5.0;
				TARGETED_DEVICE_FAMILY = "1,2";
				TEST_TARGET_NAME = PositiveQuotes;
			};
			name = Debug;
		};
		04CD903D29AA0FC500CDECD8 /* Release */ = {
			isa = XCBuildConfiguration;
			buildSettings = {
				ALWAYS_EMBED_SWIFT_STANDARD_LIBRARIES = YES;
				CODE_SIGN_STYLE = Automatic;
				CURRENT_PROJECT_VERSION = 1;
				GENERATE_INFOPLIST_FILE = YES;
				MARKETING_VERSION = 1.0;
				PRODUCT_BUNDLE_IDENTIFIER = "Sonali-Bhatt.PositiveQuotesUITests";
				PRODUCT_NAME = "$(TARGET_NAME)";
				SWIFT_EMIT_LOC_STRINGS = NO;
				SWIFT_VERSION = 5.0;
				TARGETED_DEVICE_FAMILY = "1,2";
				TEST_TARGET_NAME = PositiveQuotes;
			};
			name = Release;
		};
/* End XCBuildConfiguration section */

/* Begin XCConfigurationList section */
		04CD900629AA0FC300CDECD8 /* Build configuration list for PBXProject "PositiveQuotes" */ = {
			isa = XCConfigurationList;
			buildConfigurations = (
				04CD903329AA0FC500CDECD8 /* Debug */,
				04CD903429AA0FC500CDECD8 /* Release */,
			);
			defaultConfigurationIsVisible = 0;
			defaultConfigurationName = Release;
		};
		04CD903529AA0FC500CDECD8 /* Build configuration list for PBXNativeTarget "PositiveQuotes" */ = {
			isa = XCConfigurationList;
			buildConfigurations = (
				04CD903629AA0FC500CDECD8 /* Debug */,
				04CD903729AA0FC500CDECD8 /* Release */,
			);
			defaultConfigurationIsVisible = 0;
			defaultConfigurationName = Release;
		};
		04CD903829AA0FC500CDECD8 /* Build configuration list for PBXNativeTarget "PositiveQuotesTests" */ = {
			isa = XCConfigurationList;
			buildConfigurations = (
				04CD903929AA0FC500CDECD8 /* Debug */,
				04CD903A29AA0FC500CDECD8 /* Release */,
			);
			defaultConfigurationIsVisible = 0;
			defaultConfigurationName = Release;
		};
		04CD903B29AA0FC500CDECD8 /* Build configuration list for PBXNativeTarget "PositiveQuotesUITests" */ = {
			isa = XCConfigurationList;
			buildConfigurations = (
				04CD903C29AA0FC500CDECD8 /* Debug */,
				04CD903D29AA0FC500CDECD8 /* Release */,
			);
			defaultConfigurationIsVisible = 0;
			defaultConfigurationName = Release;
		};
/* End XCConfigurationList section */
	};
	rootObject = 04CD900329AA0FC300CDECD8 /* Project object */;
}
